
Microsoft Visual Studio Solution File, Format Version 12.00
# Visual Studio Version 17
VisualStudioVersion = 17.1.32228.430
MinimumVisualStudioVersion = 10.0.40219.1
Project("{FAE04EC0-301F-11D3-BF4B-00C04F79EFBC}") = "index", "index.csproj", "{8F63FC1C-1415-44DC-938E-4675B96226FC}"
EndProject
Project("{2150E333-8FDC-42A3-9474-1A3956D46DE8}") = "Solution Items", "Solution Items", "{54D5F543-C16F-47A0-8A2F-A5FE4D058249}"
EndProject
Global
	GlobalSection(SolutionConfigurationPlatforms) = preSolution
		Debug|Any CPU = Debug|Any CPU
		Release|Any CPU = Release|Any CPU
	EndGlobalSection
	GlobalSection(ProjectConfigurationPlatforms) = postSolution
		{8F63FC1C-1415-44DC-938E-4675B96226FC}.Debug|Any CPU.ActiveCfg = Debug|Any CPU
		{8F63FC1C-1415-44DC-938E-4675B96226FC}.Debug|Any CPU.Build.0 = Debug|Any CPU
		{8F63FC1C-1415-44DC-938E-4675B96226FC}.Release|Any CPU.ActiveCfg = Release|Any CPU
		{8F63FC1C-1415-44DC-938E-4675B96226FC}.Release|Any CPU.Build.0 = Release|Any CPU
	EndGlobalSection
	GlobalSection(SolutionProperties) = preSolution
		HideSolutionNode = FALSE
	EndGlobalSection
	GlobalSection(ExtensibilityGlobals) = postSolution
		SolutionGuid = {5F634CD8-5E1D-480A-9C65-1AF27AE05241}
	EndGlobalSection
EndGlobal
